
Microsoft Visual Studio Solution File, Format Version 12.00
# Visual Studio Version 17
VisualStudioVersion = 17.11.35312.102
MinimumVisualStudioVersion = 10.0.40219.1
Project("{2150E333-8FDC-42A3-9474-1A3956D46DE8}") = "Task0", "Task0", "{700EEF4D-E7A0-4F28-B0B6-C8CEBB9AC792}"
EndProject
Project("{FAE04EC0-301F-11D3-BF4B-00C04F79EFBC}") = "Tyuiu.RubankoGV.Sprint4.Task0.V3", "Tyuiu.RubankoGV.Sprint4.Task0.V3\Tyuiu.RubankoGV.Sprint4.Task0.V3.csproj", "{931BDFA9-326E-4D1E-A083-CD1F50514AE2}"
EndProject
Project("{FAE04EC0-301F-11D3-BF4B-00C04F79EFBC}") = "Tyuiu.RubankoGV.Sprint4.Task0.V3.Lib", "Tyuiu.RubankoGV.Sprint4.Task0.V3.Lib\Tyuiu.RubankoGV.Sprint4.Task0.V3.Lib.csproj", "{475010DA-05C6-454C-BB50-FCF2A6582E0E}"
EndProject
Project("{FAE04EC0-301F-11D3-BF4B-00C04F79EFBC}") = "Tyuiu.RubankoGV.Sprint4.Task0.V3.Test", "Tyuiu.RubankoGV.Sprint4.Task0.V3.Test\Tyuiu.RubankoGV.Sprint4.Task0.V3.Test.csproj", "{1E5C3840-4402-44EC-8D90-71FC36612D71}"
EndProject
Project("{2150E333-8FDC-42A3-9474-1A3956D46DE8}") = "Task1", "Task1", "{E0F85360-8E80-4467-9334-80FFE62F01DB}"
EndProject
Project("{FAE04EC0-301F-11D3-BF4B-00C04F79EFBC}") = "Tyuiu.RubankoGV.Sprint4.Task1.V4", "Tyuiu.RubankoGV.Sprint4.Task1.V4\Tyuiu.RubankoGV.Sprint4.Task1.V4.csproj", "{D44CBA35-DD4C-4FCA-BF4D-AD206F8DAFF3}"
EndProject
Project("{FAE04EC0-301F-11D3-BF4B-00C04F79EFBC}") = "Tyuiu.RubankoGV.Sprint4.Task1.V4.Lib", "Tyuiu.RubankoGV.Sprint4.Task1.V4.Lib\Tyuiu.RubankoGV.Sprint4.Task1.V4.Lib.csproj", "{2E022052-81AE-4713-B941-92F8DF6DE442}"
EndProject
Project("{FAE04EC0-301F-11D3-BF4B-00C04F79EFBC}") = "Tyuiu.RubankoGV.Sprint4.Task1.V4.Test", "Tyuiu.RubankoGV.Sprint4.Task1.V4.Test\Tyuiu.RubankoGV.Sprint4.Task1.V4.Test.csproj", "{EBF61D61-7D0E-4C7D-8D0D-BBF8FFA50700}"
EndProject
Project("{2150E333-8FDC-42A3-9474-1A3956D46DE8}") = "Task2", "Task2", "{E684A45D-225A-4224-BAF5-2F3D1E319E31}"
EndProject
Project("{FAE04EC0-301F-11D3-BF4B-00C04F79EFBC}") = "Tyuiu.RubankoGV.Sprint4.Task2.V11.Lib", "Tyuiu.RubankoGV.Sprint4.Task2.V11.Lib\Tyuiu.RubankoGV.Sprint4.Task2.V11.Lib.csproj", "{AC19860F-5137-4489-957C-A5F81CE3E617}"
EndProject
Project("{FAE04EC0-301F-11D3-BF4B-00C04F79EFBC}") = "Tyuiu.RubankoGV.Sprint4.Task2.V11", "Tyuiu.RubankoGV.Sprint4.Task2.V11\Tyuiu.RubankoGV.Sprint4.Task2.V11.csproj", "{C38B071A-EB3F-4BF0-A6AE-E2C59B82DC2E}"
EndProject
Project("{FAE04EC0-301F-11D3-BF4B-00C04F79EFBC}") = "Tyuiu.RubankoGV.Sprint4.Task2.V11.Test", "Tyuiu.RubankoGV.Sprint4.Task2.V11.Test\Tyuiu.RubankoGV.Sprint4.Task2.V11.Test.csproj", "{8B814486-D541-4054-B6A0-4463ED25B554}"
EndProject
Project("{2150E333-8FDC-42A3-9474-1A3956D46DE8}") = "Task3", "Task3", "{4AC7CD2B-D9C8-42DD-A194-7C66A54CBCCC}"
EndProject
Project("{FAE04EC0-301F-11D3-BF4B-00C04F79EFBC}") = "Tyuiu.RubankoGV.Sprint4.Task3.V5", "Tyuiu.RubankoGV.Sprint4.Task3.V5\Tyuiu.RubankoGV.Sprint4.Task3.V5.csproj", "{A4DE08A2-4F76-4316-AFA7-1A16FAAC0073}"
EndProject
Project("{FAE04EC0-301F-11D3-BF4B-00C04F79EFBC}") = "Tyuiu.RubankoGV.Sprint4.Task3.V5.Lib", "Tyuiu.RubankoGV.Sprint4.Task3.V5.Lib\Tyuiu.RubankoGV.Sprint4.Task3.V5.Lib.csproj", "{846F14F4-B654-4E07-B750-ADBAA8F84AF8}"
EndProject
Project("{FAE04EC0-301F-11D3-BF4B-00C04F79EFBC}") = "Tyuiu.RubankoGV.Sprint4.Task3.V5.Test", "Tyuiu.RubankoGV.Sprint4.Task3.V5.Test\Tyuiu.RubankoGV.Sprint4.Task3.V5.Test.csproj", "{096207CE-3D2E-4C1A-8401-F48C64F04AF2}"
EndProject
Project("{2150E333-8FDC-42A3-9474-1A3956D46DE8}") = "Task4", "Task4", "{9CD1FF8D-C77B-42CF-83AB-66C5D4B443FE}"
EndProject
Project("{FAE04EC0-301F-11D3-BF4B-00C04F79EFBC}") = "Tyuiu.RubankoGV.Sprint4.Task4.V12.Lib", "Tyuiu.RubankoGV.Sprint4.Task4.V12.Lib\Tyuiu.RubankoGV.Sprint4.Task4.V12.Lib.csproj", "{4244628A-DC70-48A2-AAA6-F763883A0853}"
EndProject
Project("{FAE04EC0-301F-11D3-BF4B-00C04F79EFBC}") = "Tyuiu.RubankoGV.Sprint4.Task4.V12", "Tyuiu.RubankoGV.Sprint4.Task4.V12\Tyuiu.RubankoGV.Sprint4.Task4.V12.csproj", "{094EFFBC-4CC1-479B-957A-CEE3BE4B6937}"
EndProject
Project("{FAE04EC0-301F-11D3-BF4B-00C04F79EFBC}") = "Tyuiu.RubankoGV.Sprint4.Task4.V12.Test", "Tyuiu.RubankoGV.Sprint4.Task4.V12.Test\Tyuiu.RubankoGV.Sprint4.Task4.V12.Test.csproj", "{76AD7E96-7325-42F6-BDD9-2916013F5C5E}"
EndProject
Project("{2150E333-8FDC-42A3-9474-1A3956D46DE8}") = "Task5", "Task5", "{A6B7D9D9-02A9-4C06-A978-5E01DC3D3C63}"
EndProject
Project("{FAE04EC0-301F-11D3-BF4B-00C04F79EFBC}") = "Tyuiu.RubankoGV.Sprint4.Task5.V26", "Tyuiu.RubankoGV.Sprint4.Task5.V26\Tyuiu.RubankoGV.Sprint4.Task5.V26.csproj", "{CB6D7344-5B23-4659-9F8C-4D3ABDB429BA}"
EndProject
Project("{FAE04EC0-301F-11D3-BF4B-00C04F79EFBC}") = "Tyuiu.RubankoGV.Sprint4.Task5.V26.Lib", "Tyuiu.RubankoGV.Sprint4.Task5.V26.Lib\Tyuiu.RubankoGV.Sprint4.Task5.V26.Lib.csproj", "{6D57105A-D944-49A0-9D71-C95A5E5B74F8}"
EndProject
Project("{FAE04EC0-301F-11D3-BF4B-00C04F79EFBC}") = "Tyuiu.RubankoGV.Sprint4.Task5.V26.Test", "Tyuiu.RubankoGV.Sprint4.Task5.V26.Test\Tyuiu.RubankoGV.Sprint4.Task5.V26.Test.csproj", "{808BBA99-810F-4388-9F61-FE941794AF04}"
EndProject
Global
	GlobalSection(SolutionConfigurationPlatforms) = preSolution
		Debug|Any CPU = Debug|Any CPU
		Release|Any CPU = Release|Any CPU
	EndGlobalSection
	GlobalSection(ProjectConfigurationPlatforms) = postSolution
		{931BDFA9-326E-4D1E-A083-CD1F50514AE2}.Debug|Any CPU.ActiveCfg = Debug|Any CPU
		{931BDFA9-326E-4D1E-A083-CD1F50514AE2}.Debug|Any CPU.Build.0 = Debug|Any CPU
		{931BDFA9-326E-4D1E-A083-CD1F50514AE2}.Release|Any CPU.ActiveCfg = Release|Any CPU
		{931BDFA9-326E-4D1E-A083-CD1F50514AE2}.Release|Any CPU.Build.0 = Release|Any CPU
		{475010DA-05C6-454C-BB50-FCF2A6582E0E}.Debug|Any CPU.ActiveCfg = Debug|Any CPU
		{475010DA-05C6-454C-BB50-FCF2A6582E0E}.Debug|Any CPU.Build.0 = Debug|Any CPU
		{475010DA-05C6-454C-BB50-FCF2A6582E0E}.Release|Any CPU.ActiveCfg = Release|Any CPU
		{475010DA-05C6-454C-BB50-FCF2A6582E0E}.Release|Any CPU.Build.0 = Release|Any CPU
		{1E5C3840-4402-44EC-8D90-71FC36612D71}.Debug|Any CPU.ActiveCfg = Debug|Any CPU
		{1E5C3840-4402-44EC-8D90-71FC36612D71}.Debug|Any CPU.Build.0 = Debug|Any CPU
		{1E5C3840-4402-44EC-8D90-71FC36612D71}.Release|Any CPU.ActiveCfg = Release|Any CPU
		{1E5C3840-4402-44EC-8D90-71FC36612D71}.Release|Any CPU.Build.0 = Release|Any CPU
		{D44CBA35-DD4C-4FCA-BF4D-AD206F8DAFF3}.Debug|Any CPU.ActiveCfg = Debug|Any CPU
		{D44CBA35-DD4C-4FCA-BF4D-AD206F8DAFF3}.Debug|Any CPU.Build.0 = Debug|Any CPU
		{D44CBA35-DD4C-4FCA-BF4D-AD206F8DAFF3}.Release|Any CPU.ActiveCfg = Release|Any CPU
		{D44CBA35-DD4C-4FCA-BF4D-AD206F8DAFF3}.Release|Any CPU.Build.0 = Release|Any CPU
		{2E022052-81AE-4713-B941-92F8DF6DE442}.Debug|Any CPU.ActiveCfg = Debug|Any CPU
		{2E022052-81AE-4713-B941-92F8DF6DE442}.Debug|Any CPU.Build.0 = Debug|Any CPU
		{2E022052-81AE-4713-B941-92F8DF6DE442}.Release|Any CPU.ActiveCfg = Release|Any CPU
		{2E022052-81AE-4713-B941-92F8DF6DE442}.Release|Any CPU.Build.0 = Release|Any CPU
		{EBF61D61-7D0E-4C7D-8D0D-BBF8FFA50700}.Debug|Any CPU.ActiveCfg = Debug|Any CPU
		{EBF61D61-7D0E-4C7D-8D0D-BBF8FFA50700}.Debug|Any CPU.Build.0 = Debug|Any CPU
		{EBF61D61-7D0E-4C7D-8D0D-BBF8FFA50700}.Release|Any CPU.ActiveCfg = Release|Any CPU
		{EBF61D61-7D0E-4C7D-8D0D-BBF8FFA50700}.Release|Any CPU.Build.0 = Release|Any CPU
		{AC19860F-5137-4489-957C-A5F81CE3E617}.Debug|Any CPU.ActiveCfg = Debug|Any CPU
		{AC19860F-5137-4489-957C-A5F81CE3E617}.Debug|Any CPU.Build.0 = Debug|Any CPU
		{AC19860F-5137-4489-957C-A5F81CE3E617}.Release|Any CPU.ActiveCfg = Release|Any CPU
		{AC19860F-5137-4489-957C-A5F81CE3E617}.Release|Any CPU.Build.0 = Release|Any CPU
		{C38B071A-EB3F-4BF0-A6AE-E2C59B82DC2E}.Debug|Any CPU.ActiveCfg = Debug|Any CPU
		{C38B071A-EB3F-4BF0-A6AE-E2C59B82DC2E}.Debug|Any CPU.Build.0 = Debug|Any CPU
		{C38B071A-EB3F-4BF0-A6AE-E2C59B82DC2E}.Release|Any CPU.ActiveCfg = Release|Any CPU
		{C38B071A-EB3F-4BF0-A6AE-E2C59B82DC2E}.Release|Any CPU.Build.0 = Release|Any CPU
		{8B814486-D541-4054-B6A0-4463ED25B554}.Debug|Any CPU.ActiveCfg = Debug|Any CPU
		{8B814486-D541-4054-B6A0-4463ED25B554}.Debug|Any CPU.Build.0 = Debug|Any CPU
		{8B814486-D541-4054-B6A0-4463ED25B554}.Release|Any CPU.ActiveCfg = Release|Any CPU
		{8B814486-D541-4054-B6A0-4463ED25B554}.Release|Any CPU.Build.0 = Release|Any CPU
		{A4DE08A2-4F76-4316-AFA7-1A16FAAC0073}.Debug|Any CPU.ActiveCfg = Debug|Any CPU
		{A4DE08A2-4F76-4316-AFA7-1A16FAAC0073}.Debug|Any CPU.Build.0 = Debug|Any CPU
		{A4DE08A2-4F76-4316-AFA7-1A16FAAC0073}.Release|Any CPU.ActiveCfg = Release|Any CPU
		{A4DE08A2-4F76-4316-AFA7-1A16FAAC0073}.Release|Any CPU.Build.0 = Release|Any CPU
		{846F14F4-B654-4E07-B750-ADBAA8F84AF8}.Debug|Any CPU.ActiveCfg = Debug|Any CPU
		{846F14F4-B654-4E07-B750-ADBAA8F84AF8}.Debug|Any CPU.Build.0 = Debug|Any CPU
		{846F14F4-B654-4E07-B750-ADBAA8F84AF8}.Release|Any CPU.ActiveCfg = Release|Any CPU
		{846F14F4-B654-4E07-B750-ADBAA8F84AF8}.Release|Any CPU.Build.0 = Release|Any CPU
		{096207CE-3D2E-4C1A-8401-F48C64F04AF2}.Debug|Any CPU.ActiveCfg = Debug|Any CPU
		{096207CE-3D2E-4C1A-8401-F48C64F04AF2}.Debug|Any CPU.Build.0 = Debug|Any CPU
		{096207CE-3D2E-4C1A-8401-F48C64F04AF2}.Release|Any CPU.ActiveCfg = Release|Any CPU
		{096207CE-3D2E-4C1A-8401-F48C64F04AF2}.Release|Any CPU.Build.0 = Release|Any CPU
		{4244628A-DC70-48A2-AAA6-F763883A0853}.Debug|Any CPU.ActiveCfg = Debug|Any CPU
		{4244628A-DC70-48A2-AAA6-F763883A0853}.Debug|Any CPU.Build.0 = Debug|Any CPU
		{4244628A-DC70-48A2-AAA6-F763883A0853}.Release|Any CPU.ActiveCfg = Release|Any CPU
		{4244628A-DC70-48A2-AAA6-F763883A0853}.Release|Any CPU.Build.0 = Release|Any CPU
		{094EFFBC-4CC1-479B-957A-CEE3BE4B6937}.Debug|Any CPU.ActiveCfg = Debug|Any CPU
		{094EFFBC-4CC1-479B-957A-CEE3BE4B6937}.Debug|Any CPU.Build.0 = Debug|Any CPU
		{094EFFBC-4CC1-479B-957A-CEE3BE4B6937}.Release|Any CPU.ActiveCfg = Release|Any CPU
		{094EFFBC-4CC1-479B-957A-CEE3BE4B6937}.Release|Any CPU.Build.0 = Release|Any CPU
		{76AD7E96-7325-42F6-BDD9-2916013F5C5E}.Debug|Any CPU.ActiveCfg = Debug|Any CPU
		{76AD7E96-7325-42F6-BDD9-2916013F5C5E}.Debug|Any CPU.Build.0 = Debug|Any CPU
		{76AD7E96-7325-42F6-BDD9-2916013F5C5E}.Release|Any CPU.ActiveCfg = Release|Any CPU
		{76AD7E96-7325-42F6-BDD9-2916013F5C5E}.Release|Any CPU.Build.0 = Release|Any CPU
		{CB6D7344-5B23-4659-9F8C-4D3ABDB429BA}.Debug|Any CPU.ActiveCfg = Debug|Any CPU
		{CB6D7344-5B23-4659-9F8C-4D3ABDB429BA}.Debug|Any CPU.Build.0 = Debug|Any CPU
		{CB6D7344-5B23-4659-9F8C-4D3ABDB429BA}.Release|Any CPU.ActiveCfg = Release|Any CPU
		{CB6D7344-5B23-4659-9F8C-4D3ABDB429BA}.Release|Any CPU.Build.0 = Release|Any CPU
		{6D57105A-D944-49A0-9D71-C95A5E5B74F8}.Debug|Any CPU.ActiveCfg = Debug|Any CPU
		{6D57105A-D944-49A0-9D71-C95A5E5B74F8}.Debug|Any CPU.Build.0 = Debug|Any CPU
		{6D57105A-D944-49A0-9D71-C95A5E5B74F8}.Release|Any CPU.ActiveCfg = Release|Any CPU
		{6D57105A-D944-49A0-9D71-C95A5E5B74F8}.Release|Any CPU.Build.0 = Release|Any CPU
		{808BBA99-810F-4388-9F61-FE941794AF04}.Debug|Any CPU.ActiveCfg = Debug|Any CPU
		{808BBA99-810F-4388-9F61-FE941794AF04}.Debug|Any CPU.Build.0 = Debug|Any CPU
		{808BBA99-810F-4388-9F61-FE941794AF04}.Release|Any CPU.ActiveCfg = Release|Any CPU
		{808BBA99-810F-4388-9F61-FE941794AF04}.Release|Any CPU.Build.0 = Release|Any CPU
	EndGlobalSection
	GlobalSection(SolutionProperties) = preSolution
		HideSolutionNode = FALSE
	EndGlobalSection
	GlobalSection(NestedProjects) = preSolution
		{931BDFA9-326E-4D1E-A083-CD1F50514AE2} = {700EEF4D-E7A0-4F28-B0B6-C8CEBB9AC792}
		{475010DA-05C6-454C-BB50-FCF2A6582E0E} = {700EEF4D-E7A0-4F28-B0B6-C8CEBB9AC792}
		{1E5C3840-4402-44EC-8D90-71FC36612D71} = {700EEF4D-E7A0-4F28-B0B6-C8CEBB9AC792}
		{D44CBA35-DD4C-4FCA-BF4D-AD206F8DAFF3} = {E0F85360-8E80-4467-9334-80FFE62F01DB}
		{2E022052-81AE-4713-B941-92F8DF6DE442} = {E0F85360-8E80-4467-9334-80FFE62F01DB}
		{EBF61D61-7D0E-4C7D-8D0D-BBF8FFA50700} = {E0F85360-8E80-4467-9334-80FFE62F01DB}
		{AC19860F-5137-4489-957C-A5F81CE3E617} = {E684A45D-225A-4224-BAF5-2F3D1E319E31}
		{C38B071A-EB3F-4BF0-A6AE-E2C59B82DC2E} = {E684A45D-225A-4224-BAF5-2F3D1E319E31}
		{8B814486-D541-4054-B6A0-4463ED25B554} = {E684A45D-225A-4224-BAF5-2F3D1E319E31}
		{A4DE08A2-4F76-4316-AFA7-1A16FAAC0073} = {4AC7CD2B-D9C8-42DD-A194-7C66A54CBCCC}
		{846F14F4-B654-4E07-B750-ADBAA8F84AF8} = {4AC7CD2B-D9C8-42DD-A194-7C66A54CBCCC}
		{096207CE-3D2E-4C1A-8401-F48C64F04AF2} = {4AC7CD2B-D9C8-42DD-A194-7C66A54CBCCC}
		{4244628A-DC70-48A2-AAA6-F763883A0853} = {9CD1FF8D-C77B-42CF-83AB-66C5D4B443FE}
		{094EFFBC-4CC1-479B-957A-CEE3BE4B6937} = {9CD1FF8D-C77B-42CF-83AB-66C5D4B443FE}
		{76AD7E96-7325-42F6-BDD9-2916013F5C5E} = {9CD1FF8D-C77B-42CF-83AB-66C5D4B443FE}
		{CB6D7344-5B23-4659-9F8C-4D3ABDB429BA} = {A6B7D9D9-02A9-4C06-A978-5E01DC3D3C63}
		{6D57105A-D944-49A0-9D71-C95A5E5B74F8} = {A6B7D9D9-02A9-4C06-A978-5E01DC3D3C63}
		{808BBA99-810F-4388-9F61-FE941794AF04} = {A6B7D9D9-02A9-4C06-A978-5E01DC3D3C63}
	EndGlobalSection
	GlobalSection(ExtensibilityGlobals) = postSolution
		SolutionGuid = {E523AC5F-833D-4A6A-9612-322A45003A39}
	EndGlobalSection
EndGlobal
